# This file is @generated by PDM.
# It is not intended for manual editing.

[metadata]
groups = ["default"]
strategy = ["cross_platform", "inherit_metadata"]
lock_version = "4.4.1"
content_hash = "sha256:20a3efed1d607c9792bf1ee89829b16b704743f205207a0fc90e0be46130a392"

[[package]]
name = "colorama"
version = "0.4.6"
requires_python = "!=3.0.*,!=3.1.*,!=3.2.*,!=3.3.*,!=3.4.*,!=3.5.*,!=3.6.*,>=2.7"
summary = "Cross-platform colored terminal text."
groups = ["default"]
marker = "sys_platform == \"win32\""
files = [
    {file = "colorama-0.4.6-py2.py3-none-any.whl", hash = "sha256:4f1d9991f5acc0ca119f9d443620b77f9d6b33703e51011c16baf57afb285fc6"},
    {file = "colorama-0.4.6.tar.gz", hash = "sha256:08695f5cb7ed6e0531a20572697297273c47b8cae5a63ffc6d6ed5c201be6e44"},
]

[[package]]
name = "dataclass-wizard"
version = "0.22.3"
summary = "Marshal dataclasses to/from JSON. Use field properties with initial values. Construct a dataclass schema with JSON input."
groups = ["default"]
files = [
    {file = "dataclass-wizard-0.22.3.tar.gz", hash = "sha256:4c46591782265058f1148cfd1f54a3a91221e63986fdd04c9d59f4ced61f4424"},
    {file = "dataclass_wizard-0.22.3-py2.py3-none-any.whl", hash = "sha256:63751203e54b9b9349212cc185331da73c1adc99c51312575eb73bb5c00c1962"},
]

[[package]]
name = "grpcio"
version = "1.64.0"
requires_python = ">=3.8"
summary = "HTTP/2-based RPC framework"
groups = ["default"]
files = [
    {file = "grpcio-1.64.0-cp310-cp310-linux_armv7l.whl", hash = "sha256:3b09c3d9de95461214a11d82cc0e6a46a6f4e1f91834b50782f932895215e5db"},
    {file = "grpcio-1.64.0-cp310-cp310-macosx_12_0_universal2.whl", hash = "sha256:7e013428ab472892830287dd082b7d129f4d8afef49227a28223a77337555eaa"},
    {file = "grpcio-1.64.0-cp310-cp310-manylinux_2_17_aarch64.whl", hash = "sha256:02cc9cc3f816d30f7993d0d408043b4a7d6a02346d251694d8ab1f78cc723e7e"},
    {file = "grpcio-1.64.0-cp310-cp310-manylinux_2_17_i686.manylinux2014_i686.whl", hash = "sha256:1f5de082d936e0208ce8db9095821361dfa97af8767a6607ae71425ac8ace15c"},
    {file = "grpcio-1.64.0-cp310-cp310-manylinux_2_17_x86_64.manylinux2014_x86_64.whl", hash = "sha256:d7b7bf346391dffa182fba42506adf3a84f4a718a05e445b37824136047686a1"},
    {file = "grpcio-1.64.0-cp310-cp310-musllinux_1_1_i686.whl", hash = "sha256:b2cbdfba18408389a1371f8c2af1659119e1831e5ed24c240cae9e27b4abc38d"},
    {file = "grpcio-1.64.0-cp310-cp310-musllinux_1_1_x86_64.whl", hash = "sha256:aca4f15427d2df592e0c8f3d38847e25135e4092d7f70f02452c0e90d6a02d6d"},
    {file = "grpcio-1.64.0-cp310-cp310-win32.whl", hash = "sha256:7c1f5b2298244472bcda49b599be04579f26425af0fd80d3f2eb5fd8bc84d106"},
    {file = "grpcio-1.64.0-cp310-cp310-win_amd64.whl", hash = "sha256:73f84f9e5985a532e47880b3924867de16fa1aa513fff9b26106220c253c70c5"},
    {file = "grpcio-1.64.0-cp311-cp311-linux_armv7l.whl", hash = "sha256:2a18090371d138a57714ee9bffd6c9c9cb2e02ce42c681aac093ae1e7189ed21"},
    {file = "grpcio-1.64.0-cp311-cp311-macosx_10_9_universal2.whl", hash = "sha256:59c68df3a934a586c3473d15956d23a618b8f05b5e7a3a904d40300e9c69cbf0"},
    {file = "grpcio-1.64.0-cp311-cp311-manylinux_2_17_aarch64.whl", hash = "sha256:b52e1ec7185512103dd47d41cf34ea78e7a7361ba460187ddd2416b480e0938c"},
    {file = "grpcio-1.64.0-cp311-cp311-manylinux_2_17_i686.manylinux2014_i686.whl", hash = "sha256:8d598b5d5e2c9115d7fb7e2cb5508d14286af506a75950762aa1372d60e41851"},
    {file = "grpcio-1.64.0-cp311-cp311-manylinux_2_17_x86_64.manylinux2014_x86_64.whl", hash = "sha256:01615bbcae6875eee8091e6b9414072f4e4b00d8b7e141f89635bdae7cf784e5"},
    {file = "grpcio-1.64.0-cp311-cp311-musllinux_1_1_i686.whl", hash = "sha256:0b2dfe6dcace264807d9123d483d4c43274e3f8c39f90ff51de538245d7a4145"},
    {file = "grpcio-1.64.0-cp311-cp311-musllinux_1_1_x86_64.whl", hash = "sha256:7f17572dc9acd5e6dfd3014d10c0b533e9f79cd9517fc10b0225746f4c24b58e"},
    {file = "grpcio-1.64.0-cp311-cp311-win32.whl", hash = "sha256:6ec5ed15b4ffe56e2c6bc76af45e6b591c9be0224b3fb090adfb205c9012367d"},
    {file = "grpcio-1.64.0-cp311-cp311-win_amd64.whl", hash = "sha256:597191370951b477b7a1441e1aaa5cacebeb46a3b0bd240ec3bb2f28298c7553"},
    {file = "grpcio-1.64.0-cp312-cp312-linux_armv7l.whl", hash = "sha256:1ce4cd5a61d4532651079e7aae0fedf9a80e613eed895d5b9743e66b52d15812"},
    {file = "grpcio-1.64.0-cp312-cp312-macosx_10_9_universal2.whl", hash = "sha256:650a8150a9b288f40d5b7c1d5400cc11724eae50bd1f501a66e1ea949173649b"},
    {file = "grpcio-1.64.0-cp312-cp312-manylinux_2_17_aarch64.whl", hash = "sha256:8de0399b983f8676a7ccfdd45e5b2caec74a7e3cc576c6b1eecf3b3680deda5e"},
    {file = "grpcio-1.64.0-cp312-cp312-manylinux_2_17_i686.manylinux2014_i686.whl", hash = "sha256:46b8b43ba6a2a8f3103f103f97996cad507bcfd72359af6516363c48793d5a7b"},
    {file = "grpcio-1.64.0-cp312-cp312-manylinux_2_17_x86_64.manylinux2014_x86_64.whl", hash = "sha256:a54362f03d4dcfae63be455d0a7d4c1403673498b92c6bfe22157d935b57c7a9"},
    {file = "grpcio-1.64.0-cp312-cp312-musllinux_1_1_i686.whl", hash = "sha256:1f8ea18b928e539046bb5f9c124d717fbf00cc4b2d960ae0b8468562846f5aa1"},
    {file = "grpcio-1.64.0-cp312-cp312-musllinux_1_1_x86_64.whl", hash = "sha256:c56c91bd2923ddb6e7ed28ebb66d15633b03e0df22206f22dfcdde08047e0a48"},
    {file = "grpcio-1.64.0-cp312-cp312-win32.whl", hash = "sha256:874c741c8a66f0834f653a69e7e64b4e67fcd4a8d40296919b93bab2ccc780ba"},
    {file = "grpcio-1.64.0-cp312-cp312-win_amd64.whl", hash = "sha256:0da1d921f8e4bcee307aeef6c7095eb26e617c471f8cb1c454fd389c5c296d1e"},
    {file = "grpcio-1.64.0.tar.gz", hash = "sha256:257baf07f53a571c215eebe9679c3058a313fd1d1f7c4eede5a8660108c52d9c"},
]

[[package]]
name = "loguru"
version = "0.7.2"
requires_python = ">=3.5"
summary = "Python logging made (stupidly) simple"
groups = ["default"]
dependencies = [
    "colorama>=0.3.4; sys_platform == \"win32\"",
    "win32-setctime>=1.0.0; sys_platform == \"win32\"",
]
files = [
    {file = "loguru-0.7.2-py3-none-any.whl", hash = "sha256:003d71e3d3ed35f0f8984898359d65b79e5b21943f78af86aa5491210429b8eb"},
    {file = "loguru-0.7.2.tar.gz", hash = "sha256:e671a53522515f34fd406340ee968cb9ecafbc4b36c679da03c18fd8d0bd51ac"},
]

[[package]]
name = "rraft-py"
version = "0.2.27"
requires_python = ">=3.10"
summary = "Unofficial Python Binding of the tikv/raft-rs"
groups = ["default"]
files = [
    {file = "rraft_py-0.2.27-cp311-cp311-macosx_11_0_arm64.whl", hash = "sha256:93a9fb9095213cf5b530b884dd9a719999a1289ea4dc4bd0d89cb5a1e4bb7134"},
    {file = "rraft_py-0.2.27.tar.gz", hash = "sha256:df77d268a95d366449017d7ab2109c3720ed8486c3434b025252ca03553b2685"},
]

[[package]]
name = "win32-setctime"
version = "1.1.0"
requires_python = ">=3.5"
summary = "A small Python utility to set file creation time on Windows"
groups = ["default"]
marker = "sys_platform == \"win32\""
files = [
    {file = "win32_setctime-1.1.0-py3-none-any.whl", hash = "sha256:231db239e959c2fe7eb1d7dc129f11172354f98361c4fa2d6d2d7e278baa8aad"},
    {file = "win32_setctime-1.1.0.tar.gz", hash = "sha256:15cf5750465118d6929ae4de4eb46e8edae9a5634350c01ba582df868e932cb2"},
]
